
Microsoft Visual Studio Solution File, Format Version 12.00
# Visual Studio 2017
Project("{FAE04EC0-301F-11D3-BF4B-00C04F79EFBC}") = "UITEST", "UITEST.csproj", "{F2F0BB7C-3500-3122-D2E5-CE5938116655}"
EndProject
Global
	GlobalSection(SolutionConfigurationPlatforms) = preSolution
		Debug|Any CPU = Debug|Any CPU
		Release|Any CPU = Release|Any CPU
	EndGlobalSection
	GlobalSection(ProjectConfigurationPlatforms) = postSolution
		{F2F0BB7C-3500-3122-D2E5-CE5938116655}.Debug|Any CPU.ActiveCfg = Debug|Any CPU
		{F2F0BB7C-3500-3122-D2E5-CE5938116655}.Debug|Any CPU.Build.0 = Debug|Any CPU
		{F2F0BB7C-3500-3122-D2E5-CE5938116655}.Release|Any CPU.ActiveCfg = Release|Any CPU
		{F2F0BB7C-3500-3122-D2E5-CE5938116655}.Release|Any CPU.Build.0 = Release|Any CPU
	EndGlobalSection
	GlobalSection(SolutionProperties) = preSolution
		HideSolutionNode = FALSE
	EndGlobalSection
EndGlobal
